
Microsoft Visual Studio Solution File, Format Version 12.00
# Visual Studio Version 17
VisualStudioVersion = 17.4.33205.214
MinimumVisualStudioVersion = 10.0.40219.1
Project("{2150E333-8FDC-42A3-9474-1A3956D46DE8}") = "解决方案项", "解决方案项", "{D9769651-C9D5-4442-9CBB-11D8D45287FF}"
	ProjectSection(SolutionItems) = preProject
		.editorconfig = .editorconfig
	EndProjectSection
EndProject
Project("{8BC9CEB8-8B4A-11D0-8D11-00A0C91BC942}") = "1_hello", "1_hello\1_hello.vcxproj", "{C0789333-95EE-47D7-9F54-EF223391E346}"
EndProject
Project("{8BC9CEB8-8B4A-11D0-8D11-00A0C91BC942}") = "2_1_first", "2_1_first\2_1_first.vcxproj", "{F5400EAD-2795-4284-B7E8-11E837304F8C}"
EndProject
Project("{8BC9CEB8-8B4A-11D0-8D11-00A0C91BC942}") = "2_2_m2ft", "2_2_m2ft\2_2_m2ft.vcxproj", "{49C3ACFC-2DC1-499D-A896-BAA88F4E4A82}"
EndProject
Project("{8BC9CEB8-8B4A-11D0-8D11-00A0C91BC942}") = "2_3_two_func", "2_3_two_func\2_3_two_func.vcxproj", "{3B8EF04D-D6C2-4EC3-A23C-7B24BE9CD9C7}"
EndProject
Project("{8BC9CEB8-8B4A-11D0-8D11-00A0C91BC942}") = "2_4_bad_1", "2_4_bad_1\2_4_bad_1.vcxproj", "{79625FA4-0C5E-4103-9B98-368BB5EEE4E6}"
EndProject
Project("{8BC9CEB8-8B4A-11D0-8D11-00A0C91BC942}") = "2_5_bad_2", "2_5_bad_2\2_5_bad_2.vcxproj", "{EC795A2F-91D2-4487-A4FA-8D84C08D8FAA}"
EndProject
Project("{8BC9CEB8-8B4A-11D0-8D11-00A0C91BC942}") = "2_tsk1", "2_tsk1\2_tsk1.vcxproj", "{B788B5CC-93FF-4442-876E-B19C3977AFA3}"
EndProject
Project("{8BC9CEB8-8B4A-11D0-8D11-00A0C91BC942}") = "2_tsk2", "2_tsk2\2_tsk2.vcxproj", "{9BAF8A85-98B5-4854-BB66-974A12C683A2}"
EndProject
Project("{8BC9CEB8-8B4A-11D0-8D11-00A0C91BC942}") = "2_tsk3", "2_tsk3\2_tsk3.vcxproj", "{63F6D029-6F80-4F42-9893-4770982DED22}"
EndProject
Project("{8BC9CEB8-8B4A-11D0-8D11-00A0C91BC942}") = "2_tsk4", "2_tsk4\2_tsk4.vcxproj", "{73E182A9-00B5-4E54-8778-C3A6B656941A}"
EndProject
Project("{8BC9CEB8-8B4A-11D0-8D11-00A0C91BC942}") = "2_tsk5", "2_tsk5\2_tsk5.vcxproj", "{27B62CD6-876A-4A55-BAA6-6A6F5BDBAA13}"
EndProject
Project("{8BC9CEB8-8B4A-11D0-8D11-00A0C91BC942}") = "2_tsk6", "2_tsk6\2_tsk6.vcxproj", "{9C40ACC1-2F11-4785-AB2A-6CE30343C5DA}"
EndProject
Project("{8BC9CEB8-8B4A-11D0-8D11-00A0C91BC942}") = "2_tsk7", "2_tsk7\2_tsk7.vcxproj", "{5ABBCF26-760F-4A78-9BED-7F46B64B0038}"
EndProject
Project("{8BC9CEB8-8B4A-11D0-8D11-00A0C91BC942}") = "2_tsk8", "2_tsk8\2_tsk8.vcxproj", "{344F26F9-2415-4BF4-8B01-7C7A4CB333D5}"
EndProject
Project("{2150E333-8FDC-42A3-9474-1A3956D46DE8}") = "2_概述", "2_概述", "{A1883182-6B9C-47FD-BD21-DE7557AF8D49}"
EndProject
Project("{2150E333-8FDC-42A3-9474-1A3956D46DE8}") = "3_数据", "3_数据", "{8572D574-54F0-4136-8D1F-D546B5C2ADC3}"
EndProject
Project("{8BC9CEB8-8B4A-11D0-8D11-00A0C91BC942}") = "3_1_weight2platinum", "3_1_weight2platinum\3_1_weight2platinum.vcxproj", "{77B55537-8F52-45CE-9397-F8B142543120}"
EndProject
Project("{8BC9CEB8-8B4A-11D0-8D11-00A0C91BC942}") = "3_2_printf_1", "3_2_printf_1\3_2_printf_1.vcxproj", "{B87DF9D3-8304-42CE-A9B7-C5E3FAEF53A4}"
EndProject
Project("{8BC9CEB8-8B4A-11D0-8D11-00A0C91BC942}") = "3_3_bases", "3_3_bases\3_3_bases.vcxproj", "{D5ECC740-6937-4C80-8CD7-CC930593CDF3}"
EndProject
Project("{8BC9CEB8-8B4A-11D0-8D11-00A0C91BC942}") = "3_4_printf_2", "3_4_printf_2\3_4_printf_2.vcxproj", "{6796E3D8-EF17-4C26-A1C7-2FB9AD88244E}"
EndProject
Project("{8BC9CEB8-8B4A-11D0-8D11-00A0C91BC942}") = "3_5_ASCII_charcode", "3_5_ASCII_charcode\3_5_ASCII_charcode.vcxproj", "{19540977-B399-488C-A982-EC98215174AA}"
EndProject
Project("{8BC9CEB8-8B4A-11D0-8D11-00A0C91BC942}") = "3_6_altnames", "3_6_altnames\3_6_altnames.vcxproj", "{5F2BCD65-1AED-43D5-B708-C98A89E6F341}"
EndProject
Project("{8BC9CEB8-8B4A-11D0-8D11-00A0C91BC942}") = "3_7_float", "3_7_float\3_7_float.vcxproj", "{5CADFA0D-3579-4D26-AA16-DE93155D4A6D}"
EndProject
Project("{8BC9CEB8-8B4A-11D0-8D11-00A0C91BC942}") = "3_8_size", "3_8_size\3_8_size.vcxproj", "{D21E2328-BD7F-46B6-B70B-A82CA9DE6830}"
EndProject
Project("{8BC9CEB8-8B4A-11D0-8D11-00A0C91BC942}") = "3_9_param_err", "3_9_param_err\3_9_param_err.vcxproj", "{41BF83A9-080D-4370-B15C-8AC3F5615E24}"
EndProject
Project("{8BC9CEB8-8B4A-11D0-8D11-00A0C91BC942}") = "3_10_escapes", "3_10_escapes\3_10_escapes.vcxproj", "{CAF809F6-F87B-4C19-B79F-3F731BC985FF}"
EndProject
Project("{8BC9CEB8-8B4A-11D0-8D11-00A0C91BC942}") = "3_tsk1", "3_tsk1\3_tsk1.vcxproj", "{CAC8498C-249C-4458-80B2-2B200AED30C3}"
EndProject
Project("{8BC9CEB8-8B4A-11D0-8D11-00A0C91BC942}") = "3_tsk2", "3_tsk2\3_tsk2.vcxproj", "{BD78581A-2257-4765-9824-5C855EEACF88}"
EndProject
Project("{8BC9CEB8-8B4A-11D0-8D11-00A0C91BC942}") = "3_tsk3", "3_tsk3\3_tsk3.vcxproj", "{2C42C5AB-AB7A-48C8-A967-0F714115C9D9}"
EndProject
Project("{8BC9CEB8-8B4A-11D0-8D11-00A0C91BC942}") = "3_tsk4", "3_tsk4\3_tsk4.vcxproj", "{D690D363-E7C8-4EC7-90D3-049806AD28E9}"
EndProject
Project("{8BC9CEB8-8B4A-11D0-8D11-00A0C91BC942}") = "3_tsk5", "3_tsk5\3_tsk5.vcxproj", "{74E5CDE8-E745-4BD1-BAB5-A8C3BBB31589}"
EndProject
Project("{8BC9CEB8-8B4A-11D0-8D11-00A0C91BC942}") = "3_tsk6", "3_tsk6\3_tsk6.vcxproj", "{F452B303-AD49-4204-9BA4-C18E3B0E49CB}"
EndProject
Project("{8BC9CEB8-8B4A-11D0-8D11-00A0C91BC942}") = "3_tsk7", "3_tsk7\3_tsk7.vcxproj", "{9720D298-A90D-4621-91C5-656E6D83C716}"
EndProject
Project("{8BC9CEB8-8B4A-11D0-8D11-00A0C91BC942}") = "3_tsk8", "3_tsk8\3_tsk8.vcxproj", "{0B2F155A-DB15-44B4-9B1E-24A4BCAD9F13}"
EndProject
Project("{2150E333-8FDC-42A3-9474-1A3956D46DE8}") = "4_字符串_格式化输入输出", "4_字符串_格式化输入输出", "{C32E42D0-3867-4DCA-B8D1-E6145D56E3AE}"
EndProject
Project("{8BC9CEB8-8B4A-11D0-8D11-00A0C91BC942}") = "4_1_talkback", "4_1_talkback\4_1_talkback.vcxproj", "{0EA7E156-0436-45D3-B957-52C611B6233D}"
EndProject
Project("{8BC9CEB8-8B4A-11D0-8D11-00A0C91BC942}") = "4_2_string_1", "4_2_string_1\4_2_string_1.vcxproj", "{D0B84FEA-D896-404D-AF6D-B5991C456C37}"
EndProject
Project("{8BC9CEB8-8B4A-11D0-8D11-00A0C91BC942}") = "4_3_string_2", "4_3_string_2\4_3_string_2.vcxproj", "{84ADF047-4DBD-46D2-B233-3B7BBEE99D00}"
EndProject
Project("{8BC9CEB8-8B4A-11D0-8D11-00A0C91BC942}") = "4_4_constant", "4_4_constant\4_4_constant.vcxproj", "{B245DA12-00C3-47E6-873D-A19289FDB85C}"
EndProject
Project("{8BC9CEB8-8B4A-11D0-8D11-00A0C91BC942}") = "4_5_defines", "4_5_defines\4_5_defines.vcxproj", "{8BF2A43A-B3BA-4929-A91B-62F86883194B}"
EndProject
Project("{8BC9CEB8-8B4A-11D0-8D11-00A0C91BC942}") = "4_6_printf_conversion", "4_6_printf_conversion\4_6_printf_conversion.vcxproj", "{A0C6DE59-602E-4B24-BC4F-97337BE1EEDC}"
EndProject
Project("{8BC9CEB8-8B4A-11D0-8D11-00A0C91BC942}") = "4_7_printf_flags_int_1", "4_7_printf_flags_int_1\4_7_printf_flags_int_1.vcxproj", "{AFF24C7E-5850-46BF-898F-30272E8BFEE2}"
EndProject
Project("{8BC9CEB8-8B4A-11D0-8D11-00A0C91BC942}") = "4_8_printf_flags_float", "4_8_printf_flags_float\4_8_printf_flags_float.vcxproj", "{64A44454-1BA0-4F67-AFCD-2338AA1C3887}"
EndProject
Project("{8BC9CEB8-8B4A-11D0-8D11-00A0C91BC942}") = "4_9_printf_flags_int_2", "4_9_printf_flags_int_2\4_9_printf_flags_int_2.vcxproj", "{5B9395CA-83B5-4E3E-B8BA-4617BA2E6F15}"
EndProject
Project("{8BC9CEB8-8B4A-11D0-8D11-00A0C91BC942}") = "4_10_printf_flags_string", "4_10_printf_flags_string\4_10_printf_flags_string.vcxproj", "{B1994772-290D-49EF-BF8A-7C968839E4B7}"
EndProject
Project("{8BC9CEB8-8B4A-11D0-8D11-00A0C91BC942}") = "4_11_invalid_conversion_int", "4_11_invalid_conversion_int\4_11_invalid_conversion_int.vcxproj", "{7B914F70-93A2-421A-A9D9-95299E88A2F3}"
EndProject
Project("{8BC9CEB8-8B4A-11D0-8D11-00A0C91BC942}") = "4_12_invalid_conversion_float", "4_12_invalid_conversion_float\4_12_invalid_conversion_float.vcxproj", "{DD2D60E4-5934-4748-9C5E-17A431A9BF5A}"
EndProject
Project("{8BC9CEB8-8B4A-11D0-8D11-00A0C91BC942}") = "4_13_printf_return", "4_13_printf_return\4_13_printf_return.vcxproj", "{BE2A0F8D-5B76-4E75-8A63-76784EFD604C}"
EndProject
Project("{8BC9CEB8-8B4A-11D0-8D11-00A0C91BC942}") = "4_14_longstring", "4_14_longstring\4_14_longstring.vcxproj", "{B5D6FEE3-D60D-4A95-A24D-B0356F5A5D78}"
EndProject
Project("{8BC9CEB8-8B4A-11D0-8D11-00A0C91BC942}") = "4_15_scanf_input", "4_15_scanf_input\4_15_scanf_input.vcxproj", "{CF3338B7-DC57-4F85-A24D-8BDEFF7C3DAF}"
EndProject
Project("{8BC9CEB8-8B4A-11D0-8D11-00A0C91BC942}") = "4_16_printf_var_width", "4_16_printf_var_width\4_16_printf_var_width.vcxproj", "{098A53D4-97A6-472A-8C4A-4925EF646A32}"
EndProject
Project("{8BC9CEB8-8B4A-11D0-8D11-00A0C91BC942}") = "4_17_scanf_skip", "4_17_scanf_skip\4_17_scanf_skip.vcxproj", "{CB339E92-FED4-4AAB-9F7C-4D9BD6C6AE09}"
EndProject
Global
	GlobalSection(SolutionConfigurationPlatforms) = preSolution
		Debug|x64 = Debug|x64
		Debug|x86 = Debug|x86
		Release|x64 = Release|x64
		Release|x86 = Release|x86
	EndGlobalSection
	GlobalSection(ProjectConfigurationPlatforms) = postSolution
		{C0789333-95EE-47D7-9F54-EF223391E346}.Debug|x64.ActiveCfg = Debug|x64
		{C0789333-95EE-47D7-9F54-EF223391E346}.Debug|x64.Build.0 = Debug|x64
		{C0789333-95EE-47D7-9F54-EF223391E346}.Debug|x86.ActiveCfg = Debug|Win32
		{C0789333-95EE-47D7-9F54-EF223391E346}.Debug|x86.Build.0 = Debug|Win32
		{C0789333-95EE-47D7-9F54-EF223391E346}.Release|x64.ActiveCfg = Release|x64
		{C0789333-95EE-47D7-9F54-EF223391E346}.Release|x64.Build.0 = Release|x64
		{C0789333-95EE-47D7-9F54-EF223391E346}.Release|x86.ActiveCfg = Release|Win32
		{C0789333-95EE-47D7-9F54-EF223391E346}.Release|x86.Build.0 = Release|Win32
		{F5400EAD-2795-4284-B7E8-11E837304F8C}.Debug|x64.ActiveCfg = Debug|x64
		{F5400EAD-2795-4284-B7E8-11E837304F8C}.Debug|x64.Build.0 = Debug|x64
		{F5400EAD-2795-4284-B7E8-11E837304F8C}.Debug|x86.ActiveCfg = Debug|Win32
		{F5400EAD-2795-4284-B7E8-11E837304F8C}.Debug|x86.Build.0 = Debug|Win32
		{F5400EAD-2795-4284-B7E8-11E837304F8C}.Release|x64.ActiveCfg = Release|x64
		{F5400EAD-2795-4284-B7E8-11E837304F8C}.Release|x64.Build.0 = Release|x64
		{F5400EAD-2795-4284-B7E8-11E837304F8C}.Release|x86.ActiveCfg = Release|Win32
		{F5400EAD-2795-4284-B7E8-11E837304F8C}.Release|x86.Build.0 = Release|Win32
		{49C3ACFC-2DC1-499D-A896-BAA88F4E4A82}.Debug|x64.ActiveCfg = Debug|x64
		{49C3ACFC-2DC1-499D-A896-BAA88F4E4A82}.Debug|x64.Build.0 = Debug|x64
		{49C3ACFC-2DC1-499D-A896-BAA88F4E4A82}.Debug|x86.ActiveCfg = Debug|Win32
		{49C3ACFC-2DC1-499D-A896-BAA88F4E4A82}.Debug|x86.Build.0 = Debug|Win32
		{49C3ACFC-2DC1-499D-A896-BAA88F4E4A82}.Release|x64.ActiveCfg = Release|x64
		{49C3ACFC-2DC1-499D-A896-BAA88F4E4A82}.Release|x64.Build.0 = Release|x64
		{49C3ACFC-2DC1-499D-A896-BAA88F4E4A82}.Release|x86.ActiveCfg = Release|Win32
		{49C3ACFC-2DC1-499D-A896-BAA88F4E4A82}.Release|x86.Build.0 = Release|Win32
		{3B8EF04D-D6C2-4EC3-A23C-7B24BE9CD9C7}.Debug|x64.ActiveCfg = Debug|x64
		{3B8EF04D-D6C2-4EC3-A23C-7B24BE9CD9C7}.Debug|x64.Build.0 = Debug|x64
		{3B8EF04D-D6C2-4EC3-A23C-7B24BE9CD9C7}.Debug|x86.ActiveCfg = Debug|Win32
		{3B8EF04D-D6C2-4EC3-A23C-7B24BE9CD9C7}.Debug|x86.Build.0 = Debug|Win32
		{3B8EF04D-D6C2-4EC3-A23C-7B24BE9CD9C7}.Release|x64.ActiveCfg = Release|x64
		{3B8EF04D-D6C2-4EC3-A23C-7B24BE9CD9C7}.Release|x64.Build.0 = Release|x64
		{3B8EF04D-D6C2-4EC3-A23C-7B24BE9CD9C7}.Release|x86.ActiveCfg = Release|Win32
		{3B8EF04D-D6C2-4EC3-A23C-7B24BE9CD9C7}.Release|x86.Build.0 = Release|Win32
		{79625FA4-0C5E-4103-9B98-368BB5EEE4E6}.Debug|x64.ActiveCfg = Debug|x64
		{79625FA4-0C5E-4103-9B98-368BB5EEE4E6}.Debug|x64.Build.0 = Debug|x64
		{79625FA4-0C5E-4103-9B98-368BB5EEE4E6}.Debug|x86.ActiveCfg = Debug|Win32
		{79625FA4-0C5E-4103-9B98-368BB5EEE4E6}.Debug|x86.Build.0 = Debug|Win32
		{79625FA4-0C5E-4103-9B98-368BB5EEE4E6}.Release|x64.ActiveCfg = Release|x64
		{79625FA4-0C5E-4103-9B98-368BB5EEE4E6}.Release|x64.Build.0 = Release|x64
		{79625FA4-0C5E-4103-9B98-368BB5EEE4E6}.Release|x86.ActiveCfg = Release|Win32
		{79625FA4-0C5E-4103-9B98-368BB5EEE4E6}.Release|x86.Build.0 = Release|Win32
		{EC795A2F-91D2-4487-A4FA-8D84C08D8FAA}.Debug|x64.ActiveCfg = Debug|x64
		{EC795A2F-91D2-4487-A4FA-8D84C08D8FAA}.Debug|x64.Build.0 = Debug|x64
		{EC795A2F-91D2-4487-A4FA-8D84C08D8FAA}.Debug|x86.ActiveCfg = Debug|Win32
		{EC795A2F-91D2-4487-A4FA-8D84C08D8FAA}.Debug|x86.Build.0 = Debug|Win32
		{EC795A2F-91D2-4487-A4FA-8D84C08D8FAA}.Release|x64.ActiveCfg = Release|x64
		{EC795A2F-91D2-4487-A4FA-8D84C08D8FAA}.Release|x64.Build.0 = Release|x64
		{EC795A2F-91D2-4487-A4FA-8D84C08D8FAA}.Release|x86.ActiveCfg = Release|Win32
		{EC795A2F-91D2-4487-A4FA-8D84C08D8FAA}.Release|x86.Build.0 = Release|Win32
		{B788B5CC-93FF-4442-876E-B19C3977AFA3}.Debug|x64.ActiveCfg = Debug|x64
		{B788B5CC-93FF-4442-876E-B19C3977AFA3}.Debug|x64.Build.0 = Debug|x64
		{B788B5CC-93FF-4442-876E-B19C3977AFA3}.Debug|x86.ActiveCfg = Debug|Win32
		{B788B5CC-93FF-4442-876E-B19C3977AFA3}.Debug|x86.Build.0 = Debug|Win32
		{B788B5CC-93FF-4442-876E-B19C3977AFA3}.Release|x64.ActiveCfg = Release|x64
		{B788B5CC-93FF-4442-876E-B19C3977AFA3}.Release|x64.Build.0 = Release|x64
		{B788B5CC-93FF-4442-876E-B19C3977AFA3}.Release|x86.ActiveCfg = Release|Win32
		{B788B5CC-93FF-4442-876E-B19C3977AFA3}.Release|x86.Build.0 = Release|Win32
		{9BAF8A85-98B5-4854-BB66-974A12C683A2}.Debug|x64.ActiveCfg = Debug|x64
		{9BAF8A85-98B5-4854-BB66-974A12C683A2}.Debug|x64.Build.0 = Debug|x64
		{9BAF8A85-98B5-4854-BB66-974A12C683A2}.Debug|x86.ActiveCfg = Debug|Win32
		{9BAF8A85-98B5-4854-BB66-974A12C683A2}.Debug|x86.Build.0 = Debug|Win32
		{9BAF8A85-98B5-4854-BB66-974A12C683A2}.Release|x64.ActiveCfg = Release|x64
		{9BAF8A85-98B5-4854-BB66-974A12C683A2}.Release|x64.Build.0 = Release|x64
		{9BAF8A85-98B5-4854-BB66-974A12C683A2}.Release|x86.ActiveCfg = Release|Win32
		{9BAF8A85-98B5-4854-BB66-974A12C683A2}.Release|x86.Build.0 = Release|Win32
		{63F6D029-6F80-4F42-9893-4770982DED22}.Debug|x64.ActiveCfg = Debug|x64
		{63F6D029-6F80-4F42-9893-4770982DED22}.Debug|x64.Build.0 = Debug|x64
		{63F6D029-6F80-4F42-9893-4770982DED22}.Debug|x86.ActiveCfg = Debug|Win32
		{63F6D029-6F80-4F42-9893-4770982DED22}.Debug|x86.Build.0 = Debug|Win32
		{63F6D029-6F80-4F42-9893-4770982DED22}.Release|x64.ActiveCfg = Release|x64
		{63F6D029-6F80-4F42-9893-4770982DED22}.Release|x64.Build.0 = Release|x64
		{63F6D029-6F80-4F42-9893-4770982DED22}.Release|x86.ActiveCfg = Release|Win32
		{63F6D029-6F80-4F42-9893-4770982DED22}.Release|x86.Build.0 = Release|Win32
		{73E182A9-00B5-4E54-8778-C3A6B656941A}.Debug|x64.ActiveCfg = Debug|x64
		{73E182A9-00B5-4E54-8778-C3A6B656941A}.Debug|x64.Build.0 = Debug|x64
		{73E182A9-00B5-4E54-8778-C3A6B656941A}.Debug|x86.ActiveCfg = Debug|Win32
		{73E182A9-00B5-4E54-8778-C3A6B656941A}.Debug|x86.Build.0 = Debug|Win32
		{73E182A9-00B5-4E54-8778-C3A6B656941A}.Release|x64.ActiveCfg = Release|x64
		{73E182A9-00B5-4E54-8778-C3A6B656941A}.Release|x64.Build.0 = Release|x64
		{73E182A9-00B5-4E54-8778-C3A6B656941A}.Release|x86.ActiveCfg = Release|Win32
		{73E182A9-00B5-4E54-8778-C3A6B656941A}.Release|x86.Build.0 = Release|Win32
		{27B62CD6-876A-4A55-BAA6-6A6F5BDBAA13}.Debug|x64.ActiveCfg = Debug|x64
		{27B62CD6-876A-4A55-BAA6-6A6F5BDBAA13}.Debug|x64.Build.0 = Debug|x64
		{27B62CD6-876A-4A55-BAA6-6A6F5BDBAA13}.Debug|x86.ActiveCfg = Debug|Win32
		{27B62CD6-876A-4A55-BAA6-6A6F5BDBAA13}.Debug|x86.Build.0 = Debug|Win32
		{27B62CD6-876A-4A55-BAA6-6A6F5BDBAA13}.Release|x64.ActiveCfg = Release|x64
		{27B62CD6-876A-4A55-BAA6-6A6F5BDBAA13}.Release|x64.Build.0 = Release|x64
		{27B62CD6-876A-4A55-BAA6-6A6F5BDBAA13}.Release|x86.ActiveCfg = Release|Win32
		{27B62CD6-876A-4A55-BAA6-6A6F5BDBAA13}.Release|x86.Build.0 = Release|Win32
		{9C40ACC1-2F11-4785-AB2A-6CE30343C5DA}.Debug|x64.ActiveCfg = Debug|x64
		{9C40ACC1-2F11-4785-AB2A-6CE30343C5DA}.Debug|x64.Build.0 = Debug|x64
		{9C40ACC1-2F11-4785-AB2A-6CE30343C5DA}.Debug|x86.ActiveCfg = Debug|Win32
		{9C40ACC1-2F11-4785-AB2A-6CE30343C5DA}.Debug|x86.Build.0 = Debug|Win32
		{9C40ACC1-2F11-4785-AB2A-6CE30343C5DA}.Release|x64.ActiveCfg = Release|x64
		{9C40ACC1-2F11-4785-AB2A-6CE30343C5DA}.Release|x64.Build.0 = Release|x64
		{9C40ACC1-2F11-4785-AB2A-6CE30343C5DA}.Release|x86.ActiveCfg = Release|Win32
		{9C40ACC1-2F11-4785-AB2A-6CE30343C5DA}.Release|x86.Build.0 = Release|Win32
		{5ABBCF26-760F-4A78-9BED-7F46B64B0038}.Debug|x64.ActiveCfg = Debug|x64
		{5ABBCF26-760F-4A78-9BED-7F46B64B0038}.Debug|x64.Build.0 = Debug|x64
		{5ABBCF26-760F-4A78-9BED-7F46B64B0038}.Debug|x86.ActiveCfg = Debug|Win32
		{5ABBCF26-760F-4A78-9BED-7F46B64B0038}.Debug|x86.Build.0 = Debug|Win32
		{5ABBCF26-760F-4A78-9BED-7F46B64B0038}.Release|x64.ActiveCfg = Release|x64
		{5ABBCF26-760F-4A78-9BED-7F46B64B0038}.Release|x64.Build.0 = Release|x64
		{5ABBCF26-760F-4A78-9BED-7F46B64B0038}.Release|x86.ActiveCfg = Release|Win32
		{5ABBCF26-760F-4A78-9BED-7F46B64B0038}.Release|x86.Build.0 = Release|Win32
		{344F26F9-2415-4BF4-8B01-7C7A4CB333D5}.Debug|x64.ActiveCfg = Debug|x64
		{344F26F9-2415-4BF4-8B01-7C7A4CB333D5}.Debug|x64.Build.0 = Debug|x64
		{344F26F9-2415-4BF4-8B01-7C7A4CB333D5}.Debug|x86.ActiveCfg = Debug|Win32
		{344F26F9-2415-4BF4-8B01-7C7A4CB333D5}.Debug|x86.Build.0 = Debug|Win32
		{344F26F9-2415-4BF4-8B01-7C7A4CB333D5}.Release|x64.ActiveCfg = Release|x64
		{344F26F9-2415-4BF4-8B01-7C7A4CB333D5}.Release|x64.Build.0 = Release|x64
		{344F26F9-2415-4BF4-8B01-7C7A4CB333D5}.Release|x86.ActiveCfg = Release|Win32
		{344F26F9-2415-4BF4-8B01-7C7A4CB333D5}.Release|x86.Build.0 = Release|Win32
		{77B55537-8F52-45CE-9397-F8B142543120}.Debug|x64.ActiveCfg = Debug|x64
		{77B55537-8F52-45CE-9397-F8B142543120}.Debug|x64.Build.0 = Debug|x64
		{77B55537-8F52-45CE-9397-F8B142543120}.Debug|x86.ActiveCfg = Debug|Win32
		{77B55537-8F52-45CE-9397-F8B142543120}.Debug|x86.Build.0 = Debug|Win32
		{77B55537-8F52-45CE-9397-F8B142543120}.Release|x64.ActiveCfg = Release|x64
		{77B55537-8F52-45CE-9397-F8B142543120}.Release|x64.Build.0 = Release|x64
		{77B55537-8F52-45CE-9397-F8B142543120}.Release|x86.ActiveCfg = Release|Win32
		{77B55537-8F52-45CE-9397-F8B142543120}.Release|x86.Build.0 = Release|Win32
		{B87DF9D3-8304-42CE-A9B7-C5E3FAEF53A4}.Debug|x64.ActiveCfg = Debug|x64
		{B87DF9D3-8304-42CE-A9B7-C5E3FAEF53A4}.Debug|x64.Build.0 = Debug|x64
		{B87DF9D3-8304-42CE-A9B7-C5E3FAEF53A4}.Debug|x86.ActiveCfg = Debug|Win32
		{B87DF9D3-8304-42CE-A9B7-C5E3FAEF53A4}.Debug|x86.Build.0 = Debug|Win32
		{B87DF9D3-8304-42CE-A9B7-C5E3FAEF53A4}.Release|x64.ActiveCfg = Release|x64
		{B87DF9D3-8304-42CE-A9B7-C5E3FAEF53A4}.Release|x64.Build.0 = Release|x64
		{B87DF9D3-8304-42CE-A9B7-C5E3FAEF53A4}.Release|x86.ActiveCfg = Release|Win32
		{B87DF9D3-8304-42CE-A9B7-C5E3FAEF53A4}.Release|x86.Build.0 = Release|Win32
		{D5ECC740-6937-4C80-8CD7-CC930593CDF3}.Debug|x64.ActiveCfg = Debug|x64
		{D5ECC740-6937-4C80-8CD7-CC930593CDF3}.Debug|x64.Build.0 = Debug|x64
		{D5ECC740-6937-4C80-8CD7-CC930593CDF3}.Debug|x86.ActiveCfg = Debug|Win32
		{D5ECC740-6937-4C80-8CD7-CC930593CDF3}.Debug|x86.Build.0 = Debug|Win32
		{D5ECC740-6937-4C80-8CD7-CC930593CDF3}.Release|x64.ActiveCfg = Release|x64
		{D5ECC740-6937-4C80-8CD7-CC930593CDF3}.Release|x64.Build.0 = Release|x64
		{D5ECC740-6937-4C80-8CD7-CC930593CDF3}.Release|x86.ActiveCfg = Release|Win32
		{D5ECC740-6937-4C80-8CD7-CC930593CDF3}.Release|x86.Build.0 = Release|Win32
		{6796E3D8-EF17-4C26-A1C7-2FB9AD88244E}.Debug|x64.ActiveCfg = Debug|x64
		{6796E3D8-EF17-4C26-A1C7-2FB9AD88244E}.Debug|x64.Build.0 = Debug|x64
		{6796E3D8-EF17-4C26-A1C7-2FB9AD88244E}.Debug|x86.ActiveCfg = Debug|Win32
		{6796E3D8-EF17-4C26-A1C7-2FB9AD88244E}.Debug|x86.Build.0 = Debug|Win32
		{6796E3D8-EF17-4C26-A1C7-2FB9AD88244E}.Release|x64.ActiveCfg = Release|x64
		{6796E3D8-EF17-4C26-A1C7-2FB9AD88244E}.Release|x64.Build.0 = Release|x64
		{6796E3D8-EF17-4C26-A1C7-2FB9AD88244E}.Release|x86.ActiveCfg = Release|Win32
		{6796E3D8-EF17-4C26-A1C7-2FB9AD88244E}.Release|x86.Build.0 = Release|Win32
		{19540977-B399-488C-A982-EC98215174AA}.Debug|x64.ActiveCfg = Debug|x64
		{19540977-B399-488C-A982-EC98215174AA}.Debug|x64.Build.0 = Debug|x64
		{19540977-B399-488C-A982-EC98215174AA}.Debug|x86.ActiveCfg = Debug|Win32
		{19540977-B399-488C-A982-EC98215174AA}.Debug|x86.Build.0 = Debug|Win32
		{19540977-B399-488C-A982-EC98215174AA}.Release|x64.ActiveCfg = Release|x64
		{19540977-B399-488C-A982-EC98215174AA}.Release|x64.Build.0 = Release|x64
		{19540977-B399-488C-A982-EC98215174AA}.Release|x86.ActiveCfg = Release|Win32
		{19540977-B399-488C-A982-EC98215174AA}.Release|x86.Build.0 = Release|Win32
		{5F2BCD65-1AED-43D5-B708-C98A89E6F341}.Debug|x64.ActiveCfg = Debug|x64
		{5F2BCD65-1AED-43D5-B708-C98A89E6F341}.Debug|x64.Build.0 = Debug|x64
		{5F2BCD65-1AED-43D5-B708-C98A89E6F341}.Debug|x86.ActiveCfg = Debug|Win32
		{5F2BCD65-1AED-43D5-B708-C98A89E6F341}.Debug|x86.Build.0 = Debug|Win32
		{5F2BCD65-1AED-43D5-B708-C98A89E6F341}.Release|x64.ActiveCfg = Release|x64
		{5F2BCD65-1AED-43D5-B708-C98A89E6F341}.Release|x64.Build.0 = Release|x64
		{5F2BCD65-1AED-43D5-B708-C98A89E6F341}.Release|x86.ActiveCfg = Release|Win32
		{5F2BCD65-1AED-43D5-B708-C98A89E6F341}.Release|x86.Build.0 = Release|Win32
		{5CADFA0D-3579-4D26-AA16-DE93155D4A6D}.Debug|x64.ActiveCfg = Debug|x64
		{5CADFA0D-3579-4D26-AA16-DE93155D4A6D}.Debug|x64.Build.0 = Debug|x64
		{5CADFA0D-3579-4D26-AA16-DE93155D4A6D}.Debug|x86.ActiveCfg = Debug|Win32
		{5CADFA0D-3579-4D26-AA16-DE93155D4A6D}.Debug|x86.Build.0 = Debug|Win32
		{5CADFA0D-3579-4D26-AA16-DE93155D4A6D}.Release|x64.ActiveCfg = Release|x64
		{5CADFA0D-3579-4D26-AA16-DE93155D4A6D}.Release|x64.Build.0 = Release|x64
		{5CADFA0D-3579-4D26-AA16-DE93155D4A6D}.Release|x86.ActiveCfg = Release|Win32
		{5CADFA0D-3579-4D26-AA16-DE93155D4A6D}.Release|x86.Build.0 = Release|Win32
		{D21E2328-BD7F-46B6-B70B-A82CA9DE6830}.Debug|x64.ActiveCfg = Debug|x64
		{D21E2328-BD7F-46B6-B70B-A82CA9DE6830}.Debug|x64.Build.0 = Debug|x64
		{D21E2328-BD7F-46B6-B70B-A82CA9DE6830}.Debug|x86.ActiveCfg = Debug|Win32
		{D21E2328-BD7F-46B6-B70B-A82CA9DE6830}.Debug|x86.Build.0 = Debug|Win32
		{D21E2328-BD7F-46B6-B70B-A82CA9DE6830}.Release|x64.ActiveCfg = Release|x64
		{D21E2328-BD7F-46B6-B70B-A82CA9DE6830}.Release|x64.Build.0 = Release|x64
		{D21E2328-BD7F-46B6-B70B-A82CA9DE6830}.Release|x86.ActiveCfg = Release|Win32
		{D21E2328-BD7F-46B6-B70B-A82CA9DE6830}.Release|x86.Build.0 = Release|Win32
		{41BF83A9-080D-4370-B15C-8AC3F5615E24}.Debug|x64.ActiveCfg = Debug|x64
		{41BF83A9-080D-4370-B15C-8AC3F5615E24}.Debug|x64.Build.0 = Debug|x64
		{41BF83A9-080D-4370-B15C-8AC3F5615E24}.Debug|x86.ActiveCfg = Debug|Win32
		{41BF83A9-080D-4370-B15C-8AC3F5615E24}.Debug|x86.Build.0 = Debug|Win32
		{41BF83A9-080D-4370-B15C-8AC3F5615E24}.Release|x64.ActiveCfg = Release|x64
		{41BF83A9-080D-4370-B15C-8AC3F5615E24}.Release|x64.Build.0 = Release|x64
		{41BF83A9-080D-4370-B15C-8AC3F5615E24}.Release|x86.ActiveCfg = Release|Win32
		{41BF83A9-080D-4370-B15C-8AC3F5615E24}.Release|x86.Build.0 = Release|Win32
		{CAF809F6-F87B-4C19-B79F-3F731BC985FF}.Debug|x64.ActiveCfg = Debug|x64
		{CAF809F6-F87B-4C19-B79F-3F731BC985FF}.Debug|x64.Build.0 = Debug|x64
		{CAF809F6-F87B-4C19-B79F-3F731BC985FF}.Debug|x86.ActiveCfg = Debug|Win32
		{CAF809F6-F87B-4C19-B79F-3F731BC985FF}.Debug|x86.Build.0 = Debug|Win32
		{CAF809F6-F87B-4C19-B79F-3F731BC985FF}.Release|x64.ActiveCfg = Release|x64
		{CAF809F6-F87B-4C19-B79F-3F731BC985FF}.Release|x64.Build.0 = Release|x64
		{CAF809F6-F87B-4C19-B79F-3F731BC985FF}.Release|x86.ActiveCfg = Release|Win32
		{CAF809F6-F87B-4C19-B79F-3F731BC985FF}.Release|x86.Build.0 = Release|Win32
		{CAC8498C-249C-4458-80B2-2B200AED30C3}.Debug|x64.ActiveCfg = Debug|x64
		{CAC8498C-249C-4458-80B2-2B200AED30C3}.Debug|x64.Build.0 = Debug|x64
		{CAC8498C-249C-4458-80B2-2B200AED30C3}.Debug|x86.ActiveCfg = Debug|Win32
		{CAC8498C-249C-4458-80B2-2B200AED30C3}.Debug|x86.Build.0 = Debug|Win32
		{CAC8498C-249C-4458-80B2-2B200AED30C3}.Release|x64.ActiveCfg = Release|x64
		{CAC8498C-249C-4458-80B2-2B200AED30C3}.Release|x64.Build.0 = Release|x64
		{CAC8498C-249C-4458-80B2-2B200AED30C3}.Release|x86.ActiveCfg = Release|Win32
		{CAC8498C-249C-4458-80B2-2B200AED30C3}.Release|x86.Build.0 = Release|Win32
		{BD78581A-2257-4765-9824-5C855EEACF88}.Debug|x64.ActiveCfg = Debug|x64
		{BD78581A-2257-4765-9824-5C855EEACF88}.Debug|x64.Build.0 = Debug|x64
		{BD78581A-2257-4765-9824-5C855EEACF88}.Debug|x86.ActiveCfg = Debug|Win32
		{BD78581A-2257-4765-9824-5C855EEACF88}.Debug|x86.Build.0 = Debug|Win32
		{BD78581A-2257-4765-9824-5C855EEACF88}.Release|x64.ActiveCfg = Release|x64
		{BD78581A-2257-4765-9824-5C855EEACF88}.Release|x64.Build.0 = Release|x64
		{BD78581A-2257-4765-9824-5C855EEACF88}.Release|x86.ActiveCfg = Release|Win32
		{BD78581A-2257-4765-9824-5C855EEACF88}.Release|x86.Build.0 = Release|Win32
		{2C42C5AB-AB7A-48C8-A967-0F714115C9D9}.Debug|x64.ActiveCfg = Debug|x64
		{2C42C5AB-AB7A-48C8-A967-0F714115C9D9}.Debug|x64.Build.0 = Debug|x64
		{2C42C5AB-AB7A-48C8-A967-0F714115C9D9}.Debug|x86.ActiveCfg = Debug|Win32
		{2C42C5AB-AB7A-48C8-A967-0F714115C9D9}.Debug|x86.Build.0 = Debug|Win32
		{2C42C5AB-AB7A-48C8-A967-0F714115C9D9}.Release|x64.ActiveCfg = Release|x64
		{2C42C5AB-AB7A-48C8-A967-0F714115C9D9}.Release|x64.Build.0 = Release|x64
		{2C42C5AB-AB7A-48C8-A967-0F714115C9D9}.Release|x86.ActiveCfg = Release|Win32
		{2C42C5AB-AB7A-48C8-A967-0F714115C9D9}.Release|x86.Build.0 = Release|Win32
		{D690D363-E7C8-4EC7-90D3-049806AD28E9}.Debug|x64.ActiveCfg = Debug|x64
		{D690D363-E7C8-4EC7-90D3-049806AD28E9}.Debug|x64.Build.0 = Debug|x64
		{D690D363-E7C8-4EC7-90D3-049806AD28E9}.Debug|x86.ActiveCfg = Debug|Win32
		{D690D363-E7C8-4EC7-90D3-049806AD28E9}.Debug|x86.Build.0 = Debug|Win32
		{D690D363-E7C8-4EC7-90D3-049806AD28E9}.Release|x64.ActiveCfg = Release|x64
		{D690D363-E7C8-4EC7-90D3-049806AD28E9}.Release|x64.Build.0 = Release|x64
		{D690D363-E7C8-4EC7-90D3-049806AD28E9}.Release|x86.ActiveCfg = Release|Win32
		{D690D363-E7C8-4EC7-90D3-049806AD28E9}.Release|x86.Build.0 = Release|Win32
		{74E5CDE8-E745-4BD1-BAB5-A8C3BBB31589}.Debug|x64.ActiveCfg = Debug|x64
		{74E5CDE8-E745-4BD1-BAB5-A8C3BBB31589}.Debug|x64.Build.0 = Debug|x64
		{74E5CDE8-E745-4BD1-BAB5-A8C3BBB31589}.Debug|x86.ActiveCfg = Debug|Win32
		{74E5CDE8-E745-4BD1-BAB5-A8C3BBB31589}.Debug|x86.Build.0 = Debug|Win32
		{74E5CDE8-E745-4BD1-BAB5-A8C3BBB31589}.Release|x64.ActiveCfg = Release|x64
		{74E5CDE8-E745-4BD1-BAB5-A8C3BBB31589}.Release|x64.Build.0 = Release|x64
		{74E5CDE8-E745-4BD1-BAB5-A8C3BBB31589}.Release|x86.ActiveCfg = Release|Win32
		{74E5CDE8-E745-4BD1-BAB5-A8C3BBB31589}.Release|x86.Build.0 = Release|Win32
		{F452B303-AD49-4204-9BA4-C18E3B0E49CB}.Debug|x64.ActiveCfg = Debug|x64
		{F452B303-AD49-4204-9BA4-C18E3B0E49CB}.Debug|x64.Build.0 = Debug|x64
		{F452B303-AD49-4204-9BA4-C18E3B0E49CB}.Debug|x86.ActiveCfg = Debug|Win32
		{F452B303-AD49-4204-9BA4-C18E3B0E49CB}.Debug|x86.Build.0 = Debug|Win32
		{F452B303-AD49-4204-9BA4-C18E3B0E49CB}.Release|x64.ActiveCfg = Release|x64
		{F452B303-AD49-4204-9BA4-C18E3B0E49CB}.Release|x64.Build.0 = Release|x64
		{F452B303-AD49-4204-9BA4-C18E3B0E49CB}.Release|x86.ActiveCfg = Release|Win32
		{F452B303-AD49-4204-9BA4-C18E3B0E49CB}.Release|x86.Build.0 = Release|Win32
		{9720D298-A90D-4621-91C5-656E6D83C716}.Debug|x64.ActiveCfg = Debug|x64
		{9720D298-A90D-4621-91C5-656E6D83C716}.Debug|x64.Build.0 = Debug|x64
		{9720D298-A90D-4621-91C5-656E6D83C716}.Debug|x86.ActiveCfg = Debug|Win32
		{9720D298-A90D-4621-91C5-656E6D83C716}.Debug|x86.Build.0 = Debug|Win32
		{9720D298-A90D-4621-91C5-656E6D83C716}.Release|x64.ActiveCfg = Release|x64
		{9720D298-A90D-4621-91C5-656E6D83C716}.Release|x64.Build.0 = Release|x64
		{9720D298-A90D-4621-91C5-656E6D83C716}.Release|x86.ActiveCfg = Release|Win32
		{9720D298-A90D-4621-91C5-656E6D83C716}.Release|x86.Build.0 = Release|Win32
		{0B2F155A-DB15-44B4-9B1E-24A4BCAD9F13}.Debug|x64.ActiveCfg = Debug|x64
		{0B2F155A-DB15-44B4-9B1E-24A4BCAD9F13}.Debug|x64.Build.0 = Debug|x64
		{0B2F155A-DB15-44B4-9B1E-24A4BCAD9F13}.Debug|x86.ActiveCfg = Debug|Win32
		{0B2F155A-DB15-44B4-9B1E-24A4BCAD9F13}.Debug|x86.Build.0 = Debug|Win32
		{0B2F155A-DB15-44B4-9B1E-24A4BCAD9F13}.Release|x64.ActiveCfg = Release|x64
		{0B2F155A-DB15-44B4-9B1E-24A4BCAD9F13}.Release|x64.Build.0 = Release|x64
		{0B2F155A-DB15-44B4-9B1E-24A4BCAD9F13}.Release|x86.ActiveCfg = Release|Win32
		{0B2F155A-DB15-44B4-9B1E-24A4BCAD9F13}.Release|x86.Build.0 = Release|Win32
		{0EA7E156-0436-45D3-B957-52C611B6233D}.Debug|x64.ActiveCfg = Debug|x64
		{0EA7E156-0436-45D3-B957-52C611B6233D}.Debug|x64.Build.0 = Debug|x64
		{0EA7E156-0436-45D3-B957-52C611B6233D}.Debug|x86.ActiveCfg = Debug|Win32
		{0EA7E156-0436-45D3-B957-52C611B6233D}.Debug|x86.Build.0 = Debug|Win32
		{0EA7E156-0436-45D3-B957-52C611B6233D}.Release|x64.ActiveCfg = Release|x64
		{0EA7E156-0436-45D3-B957-52C611B6233D}.Release|x64.Build.0 = Release|x64
		{0EA7E156-0436-45D3-B957-52C611B6233D}.Release|x86.ActiveCfg = Release|Win32
		{0EA7E156-0436-45D3-B957-52C611B6233D}.Release|x86.Build.0 = Release|Win32
		{D0B84FEA-D896-404D-AF6D-B5991C456C37}.Debug|x64.ActiveCfg = Debug|x64
		{D0B84FEA-D896-404D-AF6D-B5991C456C37}.Debug|x64.Build.0 = Debug|x64
		{D0B84FEA-D896-404D-AF6D-B5991C456C37}.Debug|x86.ActiveCfg = Debug|Win32
		{D0B84FEA-D896-404D-AF6D-B5991C456C37}.Debug|x86.Build.0 = Debug|Win32
		{D0B84FEA-D896-404D-AF6D-B5991C456C37}.Release|x64.ActiveCfg = Release|x64
		{D0B84FEA-D896-404D-AF6D-B5991C456C37}.Release|x64.Build.0 = Release|x64
		{D0B84FEA-D896-404D-AF6D-B5991C456C37}.Release|x86.ActiveCfg = Release|Win32
		{D0B84FEA-D896-404D-AF6D-B5991C456C37}.Release|x86.Build.0 = Release|Win32
		{84ADF047-4DBD-46D2-B233-3B7BBEE99D00}.Debug|x64.ActiveCfg = Debug|x64
		{84ADF047-4DBD-46D2-B233-3B7BBEE99D00}.Debug|x64.Build.0 = Debug|x64
		{84ADF047-4DBD-46D2-B233-3B7BBEE99D00}.Debug|x86.ActiveCfg = Debug|Win32
		{84ADF047-4DBD-46D2-B233-3B7BBEE99D00}.Debug|x86.Build.0 = Debug|Win32
		{84ADF047-4DBD-46D2-B233-3B7BBEE99D00}.Release|x64.ActiveCfg = Release|x64
		{84ADF047-4DBD-46D2-B233-3B7BBEE99D00}.Release|x64.Build.0 = Release|x64
		{84ADF047-4DBD-46D2-B233-3B7BBEE99D00}.Release|x86.ActiveCfg = Release|Win32
		{84ADF047-4DBD-46D2-B233-3B7BBEE99D00}.Release|x86.Build.0 = Release|Win32
		{B245DA12-00C3-47E6-873D-A19289FDB85C}.Debug|x64.ActiveCfg = Debug|x64
		{B245DA12-00C3-47E6-873D-A19289FDB85C}.Debug|x64.Build.0 = Debug|x64
		{B245DA12-00C3-47E6-873D-A19289FDB85C}.Debug|x86.ActiveCfg = Debug|Win32
		{B245DA12-00C3-47E6-873D-A19289FDB85C}.Debug|x86.Build.0 = Debug|Win32
		{B245DA12-00C3-47E6-873D-A19289FDB85C}.Release|x64.ActiveCfg = Release|x64
		{B245DA12-00C3-47E6-873D-A19289FDB85C}.Release|x64.Build.0 = Release|x64
		{B245DA12-00C3-47E6-873D-A19289FDB85C}.Release|x86.ActiveCfg = Release|Win32
		{B245DA12-00C3-47E6-873D-A19289FDB85C}.Release|x86.Build.0 = Release|Win32
		{8BF2A43A-B3BA-4929-A91B-62F86883194B}.Debug|x64.ActiveCfg = Debug|x64
		{8BF2A43A-B3BA-4929-A91B-62F86883194B}.Debug|x64.Build.0 = Debug|x64
		{8BF2A43A-B3BA-4929-A91B-62F86883194B}.Debug|x86.ActiveCfg = Debug|Win32
		{8BF2A43A-B3BA-4929-A91B-62F86883194B}.Debug|x86.Build.0 = Debug|Win32
		{8BF2A43A-B3BA-4929-A91B-62F86883194B}.Release|x64.ActiveCfg = Release|x64
		{8BF2A43A-B3BA-4929-A91B-62F86883194B}.Release|x64.Build.0 = Release|x64
		{8BF2A43A-B3BA-4929-A91B-62F86883194B}.Release|x86.ActiveCfg = Release|Win32
		{8BF2A43A-B3BA-4929-A91B-62F86883194B}.Release|x86.Build.0 = Release|Win32
		{A0C6DE59-602E-4B24-BC4F-97337BE1EEDC}.Debug|x64.ActiveCfg = Debug|x64
		{A0C6DE59-602E-4B24-BC4F-97337BE1EEDC}.Debug|x64.Build.0 = Debug|x64
		{A0C6DE59-602E-4B24-BC4F-97337BE1EEDC}.Debug|x86.ActiveCfg = Debug|Win32
		{A0C6DE59-602E-4B24-BC4F-97337BE1EEDC}.Debug|x86.Build.0 = Debug|Win32
		{A0C6DE59-602E-4B24-BC4F-97337BE1EEDC}.Release|x64.ActiveCfg = Release|x64
		{A0C6DE59-602E-4B24-BC4F-97337BE1EEDC}.Release|x64.Build.0 = Release|x64
		{A0C6DE59-602E-4B24-BC4F-97337BE1EEDC}.Release|x86.ActiveCfg = Release|Win32
		{A0C6DE59-602E-4B24-BC4F-97337BE1EEDC}.Release|x86.Build.0 = Release|Win32
		{AFF24C7E-5850-46BF-898F-30272E8BFEE2}.Debug|x64.ActiveCfg = Debug|x64
		{AFF24C7E-5850-46BF-898F-30272E8BFEE2}.Debug|x64.Build.0 = Debug|x64
		{AFF24C7E-5850-46BF-898F-30272E8BFEE2}.Debug|x86.ActiveCfg = Debug|Win32
		{AFF24C7E-5850-46BF-898F-30272E8BFEE2}.Debug|x86.Build.0 = Debug|Win32
		{AFF24C7E-5850-46BF-898F-30272E8BFEE2}.Release|x64.ActiveCfg = Release|x64
		{AFF24C7E-5850-46BF-898F-30272E8BFEE2}.Release|x64.Build.0 = Release|x64
		{AFF24C7E-5850-46BF-898F-30272E8BFEE2}.Release|x86.ActiveCfg = Release|Win32
		{AFF24C7E-5850-46BF-898F-30272E8BFEE2}.Release|x86.Build.0 = Release|Win32
		{64A44454-1BA0-4F67-AFCD-2338AA1C3887}.Debug|x64.ActiveCfg = Debug|x64
		{64A44454-1BA0-4F67-AFCD-2338AA1C3887}.Debug|x64.Build.0 = Debug|x64
		{64A44454-1BA0-4F67-AFCD-2338AA1C3887}.Debug|x86.ActiveCfg = Debug|Win32
		{64A44454-1BA0-4F67-AFCD-2338AA1C3887}.Debug|x86.Build.0 = Debug|Win32
		{64A44454-1BA0-4F67-AFCD-2338AA1C3887}.Release|x64.ActiveCfg = Release|x64
		{64A44454-1BA0-4F67-AFCD-2338AA1C3887}.Release|x64.Build.0 = Release|x64
		{64A44454-1BA0-4F67-AFCD-2338AA1C3887}.Release|x86.ActiveCfg = Release|Win32
		{64A44454-1BA0-4F67-AFCD-2338AA1C3887}.Release|x86.Build.0 = Release|Win32
		{5B9395CA-83B5-4E3E-B8BA-4617BA2E6F15}.Debug|x64.ActiveCfg = Debug|x64
		{5B9395CA-83B5-4E3E-B8BA-4617BA2E6F15}.Debug|x64.Build.0 = Debug|x64
		{5B9395CA-83B5-4E3E-B8BA-4617BA2E6F15}.Debug|x86.ActiveCfg = Debug|Win32
		{5B9395CA-83B5-4E3E-B8BA-4617BA2E6F15}.Debug|x86.Build.0 = Debug|Win32
		{5B9395CA-83B5-4E3E-B8BA-4617BA2E6F15}.Release|x64.ActiveCfg = Release|x64
		{5B9395CA-83B5-4E3E-B8BA-4617BA2E6F15}.Release|x64.Build.0 = Release|x64
		{5B9395CA-83B5-4E3E-B8BA-4617BA2E6F15}.Release|x86.ActiveCfg = Release|Win32
		{5B9395CA-83B5-4E3E-B8BA-4617BA2E6F15}.Release|x86.Build.0 = Release|Win32
		{B1994772-290D-49EF-BF8A-7C968839E4B7}.Debug|x64.ActiveCfg = Debug|x64
		{B1994772-290D-49EF-BF8A-7C968839E4B7}.Debug|x64.Build.0 = Debug|x64
		{B1994772-290D-49EF-BF8A-7C968839E4B7}.Debug|x86.ActiveCfg = Debug|Win32
		{B1994772-290D-49EF-BF8A-7C968839E4B7}.Debug|x86.Build.0 = Debug|Win32
		{B1994772-290D-49EF-BF8A-7C968839E4B7}.Release|x64.ActiveCfg = Release|x64
		{B1994772-290D-49EF-BF8A-7C968839E4B7}.Release|x64.Build.0 = Release|x64
		{B1994772-290D-49EF-BF8A-7C968839E4B7}.Release|x86.ActiveCfg = Release|Win32
		{B1994772-290D-49EF-BF8A-7C968839E4B7}.Release|x86.Build.0 = Release|Win32
		{7B914F70-93A2-421A-A9D9-95299E88A2F3}.Debug|x64.ActiveCfg = Debug|x64
		{7B914F70-93A2-421A-A9D9-95299E88A2F3}.Debug|x64.Build.0 = Debug|x64
		{7B914F70-93A2-421A-A9D9-95299E88A2F3}.Debug|x86.ActiveCfg = Debug|Win32
		{7B914F70-93A2-421A-A9D9-95299E88A2F3}.Debug|x86.Build.0 = Debug|Win32
		{7B914F70-93A2-421A-A9D9-95299E88A2F3}.Release|x64.ActiveCfg = Release|x64
		{7B914F70-93A2-421A-A9D9-95299E88A2F3}.Release|x64.Build.0 = Release|x64
		{7B914F70-93A2-421A-A9D9-95299E88A2F3}.Release|x86.ActiveCfg = Release|Win32
		{7B914F70-93A2-421A-A9D9-95299E88A2F3}.Release|x86.Build.0 = Release|Win32
		{DD2D60E4-5934-4748-9C5E-17A431A9BF5A}.Debug|x64.ActiveCfg = Debug|x64
		{DD2D60E4-5934-4748-9C5E-17A431A9BF5A}.Debug|x64.Build.0 = Debug|x64
		{DD2D60E4-5934-4748-9C5E-17A431A9BF5A}.Debug|x86.ActiveCfg = Debug|Win32
		{DD2D60E4-5934-4748-9C5E-17A431A9BF5A}.Debug|x86.Build.0 = Debug|Win32
		{DD2D60E4-5934-4748-9C5E-17A431A9BF5A}.Release|x64.ActiveCfg = Release|x64
		{DD2D60E4-5934-4748-9C5E-17A431A9BF5A}.Release|x64.Build.0 = Release|x64
		{DD2D60E4-5934-4748-9C5E-17A431A9BF5A}.Release|x86.ActiveCfg = Release|Win32
		{DD2D60E4-5934-4748-9C5E-17A431A9BF5A}.Release|x86.Build.0 = Release|Win32
		{BE2A0F8D-5B76-4E75-8A63-76784EFD604C}.Debug|x64.ActiveCfg = Debug|x64
		{BE2A0F8D-5B76-4E75-8A63-76784EFD604C}.Debug|x64.Build.0 = Debug|x64
		{BE2A0F8D-5B76-4E75-8A63-76784EFD604C}.Debug|x86.ActiveCfg = Debug|Win32
		{BE2A0F8D-5B76-4E75-8A63-76784EFD604C}.Debug|x86.Build.0 = Debug|Win32
		{BE2A0F8D-5B76-4E75-8A63-76784EFD604C}.Release|x64.ActiveCfg = Release|x64
		{BE2A0F8D-5B76-4E75-8A63-76784EFD604C}.Release|x64.Build.0 = Release|x64
		{BE2A0F8D-5B76-4E75-8A63-76784EFD604C}.Release|x86.ActiveCfg = Release|Win32
		{BE2A0F8D-5B76-4E75-8A63-76784EFD604C}.Release|x86.Build.0 = Release|Win32
		{B5D6FEE3-D60D-4A95-A24D-B0356F5A5D78}.Debug|x64.ActiveCfg = Debug|x64
		{B5D6FEE3-D60D-4A95-A24D-B0356F5A5D78}.Debug|x64.Build.0 = Debug|x64
		{B5D6FEE3-D60D-4A95-A24D-B0356F5A5D78}.Debug|x86.ActiveCfg = Debug|Win32
		{B5D6FEE3-D60D-4A95-A24D-B0356F5A5D78}.Debug|x86.Build.0 = Debug|Win32
		{B5D6FEE3-D60D-4A95-A24D-B0356F5A5D78}.Release|x64.ActiveCfg = Release|x64
		{B5D6FEE3-D60D-4A95-A24D-B0356F5A5D78}.Release|x64.Build.0 = Release|x64
		{B5D6FEE3-D60D-4A95-A24D-B0356F5A5D78}.Release|x86.ActiveCfg = Release|Win32
		{B5D6FEE3-D60D-4A95-A24D-B0356F5A5D78}.Release|x86.Build.0 = Release|Win32
		{CF3338B7-DC57-4F85-A24D-8BDEFF7C3DAF}.Debug|x64.ActiveCfg = Debug|x64
		{CF3338B7-DC57-4F85-A24D-8BDEFF7C3DAF}.Debug|x64.Build.0 = Debug|x64
		{CF3338B7-DC57-4F85-A24D-8BDEFF7C3DAF}.Debug|x86.ActiveCfg = Debug|Win32
		{CF3338B7-DC57-4F85-A24D-8BDEFF7C3DAF}.Debug|x86.Build.0 = Debug|Win32
		{CF3338B7-DC57-4F85-A24D-8BDEFF7C3DAF}.Release|x64.ActiveCfg = Release|x64
		{CF3338B7-DC57-4F85-A24D-8BDEFF7C3DAF}.Release|x64.Build.0 = Release|x64
		{CF3338B7-DC57-4F85-A24D-8BDEFF7C3DAF}.Release|x86.ActiveCfg = Release|Win32
		{CF3338B7-DC57-4F85-A24D-8BDEFF7C3DAF}.Release|x86.Build.0 = Release|Win32
		{098A53D4-97A6-472A-8C4A-4925EF646A32}.Debug|x64.ActiveCfg = Debug|x64
		{098A53D4-97A6-472A-8C4A-4925EF646A32}.Debug|x64.Build.0 = Debug|x64
		{098A53D4-97A6-472A-8C4A-4925EF646A32}.Debug|x86.ActiveCfg = Debug|Win32
		{098A53D4-97A6-472A-8C4A-4925EF646A32}.Debug|x86.Build.0 = Debug|Win32
		{098A53D4-97A6-472A-8C4A-4925EF646A32}.Release|x64.ActiveCfg = Release|x64
		{098A53D4-97A6-472A-8C4A-4925EF646A32}.Release|x64.Build.0 = Release|x64
		{098A53D4-97A6-472A-8C4A-4925EF646A32}.Release|x86.ActiveCfg = Release|Win32
		{098A53D4-97A6-472A-8C4A-4925EF646A32}.Release|x86.Build.0 = Release|Win32
		{CB339E92-FED4-4AAB-9F7C-4D9BD6C6AE09}.Debug|x64.ActiveCfg = Debug|x64
		{CB339E92-FED4-4AAB-9F7C-4D9BD6C6AE09}.Debug|x64.Build.0 = Debug|x64
		{CB339E92-FED4-4AAB-9F7C-4D9BD6C6AE09}.Debug|x86.ActiveCfg = Debug|Win32
		{CB339E92-FED4-4AAB-9F7C-4D9BD6C6AE09}.Debug|x86.Build.0 = Debug|Win32
		{CB339E92-FED4-4AAB-9F7C-4D9BD6C6AE09}.Release|x64.ActiveCfg = Release|x64
		{CB339E92-FED4-4AAB-9F7C-4D9BD6C6AE09}.Release|x64.Build.0 = Release|x64
		{CB339E92-FED4-4AAB-9F7C-4D9BD6C6AE09}.Release|x86.ActiveCfg = Release|Win32
		{CB339E92-FED4-4AAB-9F7C-4D9BD6C6AE09}.Release|x86.Build.0 = Release|Win32
	EndGlobalSection
	GlobalSection(SolutionProperties) = preSolution
		HideSolutionNode = FALSE
	EndGlobalSection
	GlobalSection(NestedProjects) = preSolution
		{F5400EAD-2795-4284-B7E8-11E837304F8C} = {A1883182-6B9C-47FD-BD21-DE7557AF8D49}
		{49C3ACFC-2DC1-499D-A896-BAA88F4E4A82} = {A1883182-6B9C-47FD-BD21-DE7557AF8D49}
		{3B8EF04D-D6C2-4EC3-A23C-7B24BE9CD9C7} = {A1883182-6B9C-47FD-BD21-DE7557AF8D49}
		{79625FA4-0C5E-4103-9B98-368BB5EEE4E6} = {A1883182-6B9C-47FD-BD21-DE7557AF8D49}
		{EC795A2F-91D2-4487-A4FA-8D84C08D8FAA} = {A1883182-6B9C-47FD-BD21-DE7557AF8D49}
		{B788B5CC-93FF-4442-876E-B19C3977AFA3} = {A1883182-6B9C-47FD-BD21-DE7557AF8D49}
		{9BAF8A85-98B5-4854-BB66-974A12C683A2} = {A1883182-6B9C-47FD-BD21-DE7557AF8D49}
		{63F6D029-6F80-4F42-9893-4770982DED22} = {A1883182-6B9C-47FD-BD21-DE7557AF8D49}
		{73E182A9-00B5-4E54-8778-C3A6B656941A} = {A1883182-6B9C-47FD-BD21-DE7557AF8D49}
		{27B62CD6-876A-4A55-BAA6-6A6F5BDBAA13} = {A1883182-6B9C-47FD-BD21-DE7557AF8D49}
		{9C40ACC1-2F11-4785-AB2A-6CE30343C5DA} = {A1883182-6B9C-47FD-BD21-DE7557AF8D49}
		{5ABBCF26-760F-4A78-9BED-7F46B64B0038} = {A1883182-6B9C-47FD-BD21-DE7557AF8D49}
		{344F26F9-2415-4BF4-8B01-7C7A4CB333D5} = {A1883182-6B9C-47FD-BD21-DE7557AF8D49}
		{77B55537-8F52-45CE-9397-F8B142543120} = {8572D574-54F0-4136-8D1F-D546B5C2ADC3}
		{B87DF9D3-8304-42CE-A9B7-C5E3FAEF53A4} = {8572D574-54F0-4136-8D1F-D546B5C2ADC3}
		{D5ECC740-6937-4C80-8CD7-CC930593CDF3} = {8572D574-54F0-4136-8D1F-D546B5C2ADC3}
		{6796E3D8-EF17-4C26-A1C7-2FB9AD88244E} = {8572D574-54F0-4136-8D1F-D546B5C2ADC3}
		{19540977-B399-488C-A982-EC98215174AA} = {8572D574-54F0-4136-8D1F-D546B5C2ADC3}
		{5F2BCD65-1AED-43D5-B708-C98A89E6F341} = {8572D574-54F0-4136-8D1F-D546B5C2ADC3}
		{5CADFA0D-3579-4D26-AA16-DE93155D4A6D} = {8572D574-54F0-4136-8D1F-D546B5C2ADC3}
		{D21E2328-BD7F-46B6-B70B-A82CA9DE6830} = {8572D574-54F0-4136-8D1F-D546B5C2ADC3}
		{41BF83A9-080D-4370-B15C-8AC3F5615E24} = {8572D574-54F0-4136-8D1F-D546B5C2ADC3}
		{CAF809F6-F87B-4C19-B79F-3F731BC985FF} = {8572D574-54F0-4136-8D1F-D546B5C2ADC3}
		{CAC8498C-249C-4458-80B2-2B200AED30C3} = {8572D574-54F0-4136-8D1F-D546B5C2ADC3}
		{BD78581A-2257-4765-9824-5C855EEACF88} = {8572D574-54F0-4136-8D1F-D546B5C2ADC3}
		{2C42C5AB-AB7A-48C8-A967-0F714115C9D9} = {8572D574-54F0-4136-8D1F-D546B5C2ADC3}
		{D690D363-E7C8-4EC7-90D3-049806AD28E9} = {8572D574-54F0-4136-8D1F-D546B5C2ADC3}
		{74E5CDE8-E745-4BD1-BAB5-A8C3BBB31589} = {8572D574-54F0-4136-8D1F-D546B5C2ADC3}
		{F452B303-AD49-4204-9BA4-C18E3B0E49CB} = {8572D574-54F0-4136-8D1F-D546B5C2ADC3}
		{9720D298-A90D-4621-91C5-656E6D83C716} = {8572D574-54F0-4136-8D1F-D546B5C2ADC3}
		{0B2F155A-DB15-44B4-9B1E-24A4BCAD9F13} = {8572D574-54F0-4136-8D1F-D546B5C2ADC3}
		{0EA7E156-0436-45D3-B957-52C611B6233D} = {C32E42D0-3867-4DCA-B8D1-E6145D56E3AE}
		{D0B84FEA-D896-404D-AF6D-B5991C456C37} = {C32E42D0-3867-4DCA-B8D1-E6145D56E3AE}
		{84ADF047-4DBD-46D2-B233-3B7BBEE99D00} = {C32E42D0-3867-4DCA-B8D1-E6145D56E3AE}
		{B245DA12-00C3-47E6-873D-A19289FDB85C} = {C32E42D0-3867-4DCA-B8D1-E6145D56E3AE}
		{8BF2A43A-B3BA-4929-A91B-62F86883194B} = {C32E42D0-3867-4DCA-B8D1-E6145D56E3AE}
		{A0C6DE59-602E-4B24-BC4F-97337BE1EEDC} = {C32E42D0-3867-4DCA-B8D1-E6145D56E3AE}
		{AFF24C7E-5850-46BF-898F-30272E8BFEE2} = {C32E42D0-3867-4DCA-B8D1-E6145D56E3AE}
		{64A44454-1BA0-4F67-AFCD-2338AA1C3887} = {C32E42D0-3867-4DCA-B8D1-E6145D56E3AE}
		{5B9395CA-83B5-4E3E-B8BA-4617BA2E6F15} = {C32E42D0-3867-4DCA-B8D1-E6145D56E3AE}
		{B1994772-290D-49EF-BF8A-7C968839E4B7} = {C32E42D0-3867-4DCA-B8D1-E6145D56E3AE}
		{7B914F70-93A2-421A-A9D9-95299E88A2F3} = {C32E42D0-3867-4DCA-B8D1-E6145D56E3AE}
		{DD2D60E4-5934-4748-9C5E-17A431A9BF5A} = {C32E42D0-3867-4DCA-B8D1-E6145D56E3AE}
		{BE2A0F8D-5B76-4E75-8A63-76784EFD604C} = {C32E42D0-3867-4DCA-B8D1-E6145D56E3AE}
		{B5D6FEE3-D60D-4A95-A24D-B0356F5A5D78} = {C32E42D0-3867-4DCA-B8D1-E6145D56E3AE}
		{CF3338B7-DC57-4F85-A24D-8BDEFF7C3DAF} = {C32E42D0-3867-4DCA-B8D1-E6145D56E3AE}
		{098A53D4-97A6-472A-8C4A-4925EF646A32} = {C32E42D0-3867-4DCA-B8D1-E6145D56E3AE}
		{CB339E92-FED4-4AAB-9F7C-4D9BD6C6AE09} = {C32E42D0-3867-4DCA-B8D1-E6145D56E3AE}
	EndGlobalSection
	GlobalSection(ExtensibilityGlobals) = postSolution
		SolutionGuid = {D0E38B7D-5BF7-4B2A-BE87-E5EBFD81825E}
	EndGlobalSection
EndGlobal
