
Microsoft Visual Studio Solution File, Format Version 12.00
# Visual Studio Version 17
VisualStudioVersion = 17.4.33205.214
MinimumVisualStudioVersion = 10.0.40219.1
Project("{2150E333-8FDC-42A3-9474-1A3956D46DE8}") = "解决方案项", "解决方案项", "{D9769651-C9D5-4442-9CBB-11D8D45287FF}"
	ProjectSection(SolutionItems) = preProject
		.editorconfig = .editorconfig
	EndProjectSection
EndProject
Project("{8BC9CEB8-8B4A-11D0-8D11-00A0C91BC942}") = "1_hello", "1_hello\1_hello.vcxproj", "{C0789333-95EE-47D7-9F54-EF223391E346}"
EndProject
Project("{8BC9CEB8-8B4A-11D0-8D11-00A0C91BC942}") = "2_1_first", "2_1_first\2_1_first.vcxproj", "{F5400EAD-2795-4284-B7E8-11E837304F8C}"
EndProject
Project("{8BC9CEB8-8B4A-11D0-8D11-00A0C91BC942}") = "2_2_m2ft", "2_2_m2ft\2_2_m2ft.vcxproj", "{49C3ACFC-2DC1-499D-A896-BAA88F4E4A82}"
EndProject
Project("{8BC9CEB8-8B4A-11D0-8D11-00A0C91BC942}") = "2_3_two_func", "2_3_two_func\2_3_two_func.vcxproj", "{3B8EF04D-D6C2-4EC3-A23C-7B24BE9CD9C7}"
EndProject
Project("{8BC9CEB8-8B4A-11D0-8D11-00A0C91BC942}") = "2_4_bad_1", "2_4_bad_1\2_4_bad_1.vcxproj", "{79625FA4-0C5E-4103-9B98-368BB5EEE4E6}"
EndProject
Project("{8BC9CEB8-8B4A-11D0-8D11-00A0C91BC942}") = "2_5_bad_2", "2_5_bad_2\2_5_bad_2.vcxproj", "{EC795A2F-91D2-4487-A4FA-8D84C08D8FAA}"
EndProject
Project("{8BC9CEB8-8B4A-11D0-8D11-00A0C91BC942}") = "2_tsk1", "2_tsk1\2_tsk1.vcxproj", "{B788B5CC-93FF-4442-876E-B19C3977AFA3}"
EndProject
Project("{8BC9CEB8-8B4A-11D0-8D11-00A0C91BC942}") = "2_tsk2", "2_tsk2\2_tsk2.vcxproj", "{9BAF8A85-98B5-4854-BB66-974A12C683A2}"
EndProject
Project("{8BC9CEB8-8B4A-11D0-8D11-00A0C91BC942}") = "2_tsk3", "2_tsk3\2_tsk3.vcxproj", "{63F6D029-6F80-4F42-9893-4770982DED22}"
EndProject
Project("{8BC9CEB8-8B4A-11D0-8D11-00A0C91BC942}") = "2_tsk4", "2_tsk4\2_tsk4.vcxproj", "{73E182A9-00B5-4E54-8778-C3A6B656941A}"
EndProject
Project("{8BC9CEB8-8B4A-11D0-8D11-00A0C91BC942}") = "2_tsk5", "2_tsk5\2_tsk5.vcxproj", "{27B62CD6-876A-4A55-BAA6-6A6F5BDBAA13}"
EndProject
Project("{8BC9CEB8-8B4A-11D0-8D11-00A0C91BC942}") = "2_tsk6", "2_tsk6\2_tsk6.vcxproj", "{9C40ACC1-2F11-4785-AB2A-6CE30343C5DA}"
EndProject
Project("{8BC9CEB8-8B4A-11D0-8D11-00A0C91BC942}") = "2_tsk7", "2_tsk7\2_tsk7.vcxproj", "{5ABBCF26-760F-4A78-9BED-7F46B64B0038}"
EndProject
Project("{8BC9CEB8-8B4A-11D0-8D11-00A0C91BC942}") = "2_tsk8", "2_tsk8\2_tsk8.vcxproj", "{344F26F9-2415-4BF4-8B01-7C7A4CB333D5}"
EndProject
Project("{2150E333-8FDC-42A3-9474-1A3956D46DE8}") = "2_概述", "2_概述", "{A1883182-6B9C-47FD-BD21-DE7557AF8D49}"
EndProject
Global
	GlobalSection(SolutionConfigurationPlatforms) = preSolution
		Debug|x64 = Debug|x64
		Debug|x86 = Debug|x86
		Release|x64 = Release|x64
		Release|x86 = Release|x86
	EndGlobalSection
	GlobalSection(ProjectConfigurationPlatforms) = postSolution
		{C0789333-95EE-47D7-9F54-EF223391E346}.Debug|x64.ActiveCfg = Debug|x64
		{C0789333-95EE-47D7-9F54-EF223391E346}.Debug|x64.Build.0 = Debug|x64
		{C0789333-95EE-47D7-9F54-EF223391E346}.Debug|x86.ActiveCfg = Debug|Win32
		{C0789333-95EE-47D7-9F54-EF223391E346}.Debug|x86.Build.0 = Debug|Win32
		{C0789333-95EE-47D7-9F54-EF223391E346}.Release|x64.ActiveCfg = Release|x64
		{C0789333-95EE-47D7-9F54-EF223391E346}.Release|x64.Build.0 = Release|x64
		{C0789333-95EE-47D7-9F54-EF223391E346}.Release|x86.ActiveCfg = Release|Win32
		{C0789333-95EE-47D7-9F54-EF223391E346}.Release|x86.Build.0 = Release|Win32
		{F5400EAD-2795-4284-B7E8-11E837304F8C}.Debug|x64.ActiveCfg = Debug|x64
		{F5400EAD-2795-4284-B7E8-11E837304F8C}.Debug|x64.Build.0 = Debug|x64
		{F5400EAD-2795-4284-B7E8-11E837304F8C}.Debug|x86.ActiveCfg = Debug|Win32
		{F5400EAD-2795-4284-B7E8-11E837304F8C}.Debug|x86.Build.0 = Debug|Win32
		{F5400EAD-2795-4284-B7E8-11E837304F8C}.Release|x64.ActiveCfg = Release|x64
		{F5400EAD-2795-4284-B7E8-11E837304F8C}.Release|x64.Build.0 = Release|x64
		{F5400EAD-2795-4284-B7E8-11E837304F8C}.Release|x86.ActiveCfg = Release|Win32
		{F5400EAD-2795-4284-B7E8-11E837304F8C}.Release|x86.Build.0 = Release|Win32
		{49C3ACFC-2DC1-499D-A896-BAA88F4E4A82}.Debug|x64.ActiveCfg = Debug|x64
		{49C3ACFC-2DC1-499D-A896-BAA88F4E4A82}.Debug|x64.Build.0 = Debug|x64
		{49C3ACFC-2DC1-499D-A896-BAA88F4E4A82}.Debug|x86.ActiveCfg = Debug|Win32
		{49C3ACFC-2DC1-499D-A896-BAA88F4E4A82}.Debug|x86.Build.0 = Debug|Win32
		{49C3ACFC-2DC1-499D-A896-BAA88F4E4A82}.Release|x64.ActiveCfg = Release|x64
		{49C3ACFC-2DC1-499D-A896-BAA88F4E4A82}.Release|x64.Build.0 = Release|x64
		{49C3ACFC-2DC1-499D-A896-BAA88F4E4A82}.Release|x86.ActiveCfg = Release|Win32
		{49C3ACFC-2DC1-499D-A896-BAA88F4E4A82}.Release|x86.Build.0 = Release|Win32
		{3B8EF04D-D6C2-4EC3-A23C-7B24BE9CD9C7}.Debug|x64.ActiveCfg = Debug|x64
		{3B8EF04D-D6C2-4EC3-A23C-7B24BE9CD9C7}.Debug|x64.Build.0 = Debug|x64
		{3B8EF04D-D6C2-4EC3-A23C-7B24BE9CD9C7}.Debug|x86.ActiveCfg = Debug|Win32
		{3B8EF04D-D6C2-4EC3-A23C-7B24BE9CD9C7}.Debug|x86.Build.0 = Debug|Win32
		{3B8EF04D-D6C2-4EC3-A23C-7B24BE9CD9C7}.Release|x64.ActiveCfg = Release|x64
		{3B8EF04D-D6C2-4EC3-A23C-7B24BE9CD9C7}.Release|x64.Build.0 = Release|x64
		{3B8EF04D-D6C2-4EC3-A23C-7B24BE9CD9C7}.Release|x86.ActiveCfg = Release|Win32
		{3B8EF04D-D6C2-4EC3-A23C-7B24BE9CD9C7}.Release|x86.Build.0 = Release|Win32
		{79625FA4-0C5E-4103-9B98-368BB5EEE4E6}.Debug|x64.ActiveCfg = Debug|x64
		{79625FA4-0C5E-4103-9B98-368BB5EEE4E6}.Debug|x64.Build.0 = Debug|x64
		{79625FA4-0C5E-4103-9B98-368BB5EEE4E6}.Debug|x86.ActiveCfg = Debug|Win32
		{79625FA4-0C5E-4103-9B98-368BB5EEE4E6}.Debug|x86.Build.0 = Debug|Win32
		{79625FA4-0C5E-4103-9B98-368BB5EEE4E6}.Release|x64.ActiveCfg = Release|x64
		{79625FA4-0C5E-4103-9B98-368BB5EEE4E6}.Release|x64.Build.0 = Release|x64
		{79625FA4-0C5E-4103-9B98-368BB5EEE4E6}.Release|x86.ActiveCfg = Release|Win32
		{79625FA4-0C5E-4103-9B98-368BB5EEE4E6}.Release|x86.Build.0 = Release|Win32
		{EC795A2F-91D2-4487-A4FA-8D84C08D8FAA}.Debug|x64.ActiveCfg = Debug|x64
		{EC795A2F-91D2-4487-A4FA-8D84C08D8FAA}.Debug|x64.Build.0 = Debug|x64
		{EC795A2F-91D2-4487-A4FA-8D84C08D8FAA}.Debug|x86.ActiveCfg = Debug|Win32
		{EC795A2F-91D2-4487-A4FA-8D84C08D8FAA}.Debug|x86.Build.0 = Debug|Win32
		{EC795A2F-91D2-4487-A4FA-8D84C08D8FAA}.Release|x64.ActiveCfg = Release|x64
		{EC795A2F-91D2-4487-A4FA-8D84C08D8FAA}.Release|x64.Build.0 = Release|x64
		{EC795A2F-91D2-4487-A4FA-8D84C08D8FAA}.Release|x86.ActiveCfg = Release|Win32
		{EC795A2F-91D2-4487-A4FA-8D84C08D8FAA}.Release|x86.Build.0 = Release|Win32
		{B788B5CC-93FF-4442-876E-B19C3977AFA3}.Debug|x64.ActiveCfg = Debug|x64
		{B788B5CC-93FF-4442-876E-B19C3977AFA3}.Debug|x64.Build.0 = Debug|x64
		{B788B5CC-93FF-4442-876E-B19C3977AFA3}.Debug|x86.ActiveCfg = Debug|Win32
		{B788B5CC-93FF-4442-876E-B19C3977AFA3}.Debug|x86.Build.0 = Debug|Win32
		{B788B5CC-93FF-4442-876E-B19C3977AFA3}.Release|x64.ActiveCfg = Release|x64
		{B788B5CC-93FF-4442-876E-B19C3977AFA3}.Release|x64.Build.0 = Release|x64
		{B788B5CC-93FF-4442-876E-B19C3977AFA3}.Release|x86.ActiveCfg = Release|Win32
		{B788B5CC-93FF-4442-876E-B19C3977AFA3}.Release|x86.Build.0 = Release|Win32
		{9BAF8A85-98B5-4854-BB66-974A12C683A2}.Debug|x64.ActiveCfg = Debug|x64
		{9BAF8A85-98B5-4854-BB66-974A12C683A2}.Debug|x64.Build.0 = Debug|x64
		{9BAF8A85-98B5-4854-BB66-974A12C683A2}.Debug|x86.ActiveCfg = Debug|Win32
		{9BAF8A85-98B5-4854-BB66-974A12C683A2}.Debug|x86.Build.0 = Debug|Win32
		{9BAF8A85-98B5-4854-BB66-974A12C683A2}.Release|x64.ActiveCfg = Release|x64
		{9BAF8A85-98B5-4854-BB66-974A12C683A2}.Release|x64.Build.0 = Release|x64
		{9BAF8A85-98B5-4854-BB66-974A12C683A2}.Release|x86.ActiveCfg = Release|Win32
		{9BAF8A85-98B5-4854-BB66-974A12C683A2}.Release|x86.Build.0 = Release|Win32
		{63F6D029-6F80-4F42-9893-4770982DED22}.Debug|x64.ActiveCfg = Debug|x64
		{63F6D029-6F80-4F42-9893-4770982DED22}.Debug|x64.Build.0 = Debug|x64
		{63F6D029-6F80-4F42-9893-4770982DED22}.Debug|x86.ActiveCfg = Debug|Win32
		{63F6D029-6F80-4F42-9893-4770982DED22}.Debug|x86.Build.0 = Debug|Win32
		{63F6D029-6F80-4F42-9893-4770982DED22}.Release|x64.ActiveCfg = Release|x64
		{63F6D029-6F80-4F42-9893-4770982DED22}.Release|x64.Build.0 = Release|x64
		{63F6D029-6F80-4F42-9893-4770982DED22}.Release|x86.ActiveCfg = Release|Win32
		{63F6D029-6F80-4F42-9893-4770982DED22}.Release|x86.Build.0 = Release|Win32
		{73E182A9-00B5-4E54-8778-C3A6B656941A}.Debug|x64.ActiveCfg = Debug|x64
		{73E182A9-00B5-4E54-8778-C3A6B656941A}.Debug|x64.Build.0 = Debug|x64
		{73E182A9-00B5-4E54-8778-C3A6B656941A}.Debug|x86.ActiveCfg = Debug|Win32
		{73E182A9-00B5-4E54-8778-C3A6B656941A}.Debug|x86.Build.0 = Debug|Win32
		{73E182A9-00B5-4E54-8778-C3A6B656941A}.Release|x64.ActiveCfg = Release|x64
		{73E182A9-00B5-4E54-8778-C3A6B656941A}.Release|x64.Build.0 = Release|x64
		{73E182A9-00B5-4E54-8778-C3A6B656941A}.Release|x86.ActiveCfg = Release|Win32
		{73E182A9-00B5-4E54-8778-C3A6B656941A}.Release|x86.Build.0 = Release|Win32
		{27B62CD6-876A-4A55-BAA6-6A6F5BDBAA13}.Debug|x64.ActiveCfg = Debug|x64
		{27B62CD6-876A-4A55-BAA6-6A6F5BDBAA13}.Debug|x64.Build.0 = Debug|x64
		{27B62CD6-876A-4A55-BAA6-6A6F5BDBAA13}.Debug|x86.ActiveCfg = Debug|Win32
		{27B62CD6-876A-4A55-BAA6-6A6F5BDBAA13}.Debug|x86.Build.0 = Debug|Win32
		{27B62CD6-876A-4A55-BAA6-6A6F5BDBAA13}.Release|x64.ActiveCfg = Release|x64
		{27B62CD6-876A-4A55-BAA6-6A6F5BDBAA13}.Release|x64.Build.0 = Release|x64
		{27B62CD6-876A-4A55-BAA6-6A6F5BDBAA13}.Release|x86.ActiveCfg = Release|Win32
		{27B62CD6-876A-4A55-BAA6-6A6F5BDBAA13}.Release|x86.Build.0 = Release|Win32
		{9C40ACC1-2F11-4785-AB2A-6CE30343C5DA}.Debug|x64.ActiveCfg = Debug|x64
		{9C40ACC1-2F11-4785-AB2A-6CE30343C5DA}.Debug|x64.Build.0 = Debug|x64
		{9C40ACC1-2F11-4785-AB2A-6CE30343C5DA}.Debug|x86.ActiveCfg = Debug|Win32
		{9C40ACC1-2F11-4785-AB2A-6CE30343C5DA}.Debug|x86.Build.0 = Debug|Win32
		{9C40ACC1-2F11-4785-AB2A-6CE30343C5DA}.Release|x64.ActiveCfg = Release|x64
		{9C40ACC1-2F11-4785-AB2A-6CE30343C5DA}.Release|x64.Build.0 = Release|x64
		{9C40ACC1-2F11-4785-AB2A-6CE30343C5DA}.Release|x86.ActiveCfg = Release|Win32
		{9C40ACC1-2F11-4785-AB2A-6CE30343C5DA}.Release|x86.Build.0 = Release|Win32
		{5ABBCF26-760F-4A78-9BED-7F46B64B0038}.Debug|x64.ActiveCfg = Debug|x64
		{5ABBCF26-760F-4A78-9BED-7F46B64B0038}.Debug|x64.Build.0 = Debug|x64
		{5ABBCF26-760F-4A78-9BED-7F46B64B0038}.Debug|x86.ActiveCfg = Debug|Win32
		{5ABBCF26-760F-4A78-9BED-7F46B64B0038}.Debug|x86.Build.0 = Debug|Win32
		{5ABBCF26-760F-4A78-9BED-7F46B64B0038}.Release|x64.ActiveCfg = Release|x64
		{5ABBCF26-760F-4A78-9BED-7F46B64B0038}.Release|x64.Build.0 = Release|x64
		{5ABBCF26-760F-4A78-9BED-7F46B64B0038}.Release|x86.ActiveCfg = Release|Win32
		{5ABBCF26-760F-4A78-9BED-7F46B64B0038}.Release|x86.Build.0 = Release|Win32
		{344F26F9-2415-4BF4-8B01-7C7A4CB333D5}.Debug|x64.ActiveCfg = Debug|x64
		{344F26F9-2415-4BF4-8B01-7C7A4CB333D5}.Debug|x64.Build.0 = Debug|x64
		{344F26F9-2415-4BF4-8B01-7C7A4CB333D5}.Debug|x86.ActiveCfg = Debug|Win32
		{344F26F9-2415-4BF4-8B01-7C7A4CB333D5}.Debug|x86.Build.0 = Debug|Win32
		{344F26F9-2415-4BF4-8B01-7C7A4CB333D5}.Release|x64.ActiveCfg = Release|x64
		{344F26F9-2415-4BF4-8B01-7C7A4CB333D5}.Release|x64.Build.0 = Release|x64
		{344F26F9-2415-4BF4-8B01-7C7A4CB333D5}.Release|x86.ActiveCfg = Release|Win32
		{344F26F9-2415-4BF4-8B01-7C7A4CB333D5}.Release|x86.Build.0 = Release|Win32
	EndGlobalSection
	GlobalSection(SolutionProperties) = preSolution
		HideSolutionNode = FALSE
	EndGlobalSection
	GlobalSection(NestedProjects) = preSolution
		{F5400EAD-2795-4284-B7E8-11E837304F8C} = {A1883182-6B9C-47FD-BD21-DE7557AF8D49}
		{49C3ACFC-2DC1-499D-A896-BAA88F4E4A82} = {A1883182-6B9C-47FD-BD21-DE7557AF8D49}
		{3B8EF04D-D6C2-4EC3-A23C-7B24BE9CD9C7} = {A1883182-6B9C-47FD-BD21-DE7557AF8D49}
		{79625FA4-0C5E-4103-9B98-368BB5EEE4E6} = {A1883182-6B9C-47FD-BD21-DE7557AF8D49}
		{EC795A2F-91D2-4487-A4FA-8D84C08D8FAA} = {A1883182-6B9C-47FD-BD21-DE7557AF8D49}
		{B788B5CC-93FF-4442-876E-B19C3977AFA3} = {A1883182-6B9C-47FD-BD21-DE7557AF8D49}
		{9BAF8A85-98B5-4854-BB66-974A12C683A2} = {A1883182-6B9C-47FD-BD21-DE7557AF8D49}
		{63F6D029-6F80-4F42-9893-4770982DED22} = {A1883182-6B9C-47FD-BD21-DE7557AF8D49}
		{73E182A9-00B5-4E54-8778-C3A6B656941A} = {A1883182-6B9C-47FD-BD21-DE7557AF8D49}
		{27B62CD6-876A-4A55-BAA6-6A6F5BDBAA13} = {A1883182-6B9C-47FD-BD21-DE7557AF8D49}
		{9C40ACC1-2F11-4785-AB2A-6CE30343C5DA} = {A1883182-6B9C-47FD-BD21-DE7557AF8D49}
		{5ABBCF26-760F-4A78-9BED-7F46B64B0038} = {A1883182-6B9C-47FD-BD21-DE7557AF8D49}
		{344F26F9-2415-4BF4-8B01-7C7A4CB333D5} = {A1883182-6B9C-47FD-BD21-DE7557AF8D49}
	EndGlobalSection
	GlobalSection(ExtensibilityGlobals) = postSolution
		SolutionGuid = {D0E38B7D-5BF7-4B2A-BE87-E5EBFD81825E}
	EndGlobalSection
EndGlobal
